
Microsoft Visual Studio Solution File, Format Version 12.00
# Visual Studio Version 17
VisualStudioVersion = 17.0.32014.148
MinimumVisualStudioVersion = 10.0.40219.1
Project("{FAE04EC0-301F-11D3-BF4B-00C04F79EFBC}") = "SocialGames.Domain", "SocialGames.Domain\SocialGames.Domain.csproj", "{24C3404F-5FC9-41EA-9910-89417E9DE243}"
EndProject
Global
	GlobalSection(SolutionConfigurationPlatforms) = preSolution
		Debug|Any CPU = Debug|Any CPU
		Release|Any CPU = Release|Any CPU
	EndGlobalSection
	GlobalSection(ProjectConfigurationPlatforms) = postSolution
		{24C3404F-5FC9-41EA-9910-89417E9DE243}.Debug|Any CPU.ActiveCfg = Debug|Any CPU
		{24C3404F-5FC9-41EA-9910-89417E9DE243}.Debug|Any CPU.Build.0 = Debug|Any CPU
		{24C3404F-5FC9-41EA-9910-89417E9DE243}.Release|Any CPU.ActiveCfg = Release|Any CPU
		{24C3404F-5FC9-41EA-9910-89417E9DE243}.Release|Any CPU.Build.0 = Release|Any CPU
	EndGlobalSection
	GlobalSection(SolutionProperties) = preSolution
		HideSolutionNode = FALSE
	EndGlobalSection
	GlobalSection(ExtensibilityGlobals) = postSolution
		SolutionGuid = {49460B87-B67D-4DAB-A350-68FD20217C8B}
	EndGlobalSection
EndGlobal
